
Microsoft Visual Studio Solution File, Format Version 12.00
# Visual Studio Version 17
VisualStudioVersion = 17.8.34322.80
MinimumVisualStudioVersion = 10.0.40219.1
Project("{FAE04EC0-301F-11D3-BF4B-00C04F79EFBC}") = "GOS.Server", "GOS.Server\GOS.Server.csproj", "{99FC5D94-7D48-4B42-8C6E-E7FBCC0AC861}"
EndProject
Project("{54A90642-561A-4BB1-A94E-469ADEE60C69}") = "gos.client", "gos.client\gos.client.esproj", "{DBC84637-B2FF-43A7-8F8B-977D78B92B20}"
EndProject
Global
	GlobalSection(SolutionConfigurationPlatforms) = preSolution
		Debug|Any CPU = Debug|Any CPU
		Release|Any CPU = Release|Any CPU
	EndGlobalSection
	GlobalSection(ProjectConfigurationPlatforms) = postSolution
		{99FC5D94-7D48-4B42-8C6E-E7FBCC0AC861}.Debug|Any CPU.ActiveCfg = Debug|Any CPU
		{99FC5D94-7D48-4B42-8C6E-E7FBCC0AC861}.Debug|Any CPU.Build.0 = Debug|Any CPU
		{99FC5D94-7D48-4B42-8C6E-E7FBCC0AC861}.Release|Any CPU.ActiveCfg = Release|Any CPU
		{99FC5D94-7D48-4B42-8C6E-E7FBCC0AC861}.Release|Any CPU.Build.0 = Release|Any CPU
		{DBC84637-B2FF-43A7-8F8B-977D78B92B20}.Debug|Any CPU.ActiveCfg = Debug|Any CPU
		{DBC84637-B2FF-43A7-8F8B-977D78B92B20}.Debug|Any CPU.Build.0 = Debug|Any CPU
		{DBC84637-B2FF-43A7-8F8B-977D78B92B20}.Debug|Any CPU.Deploy.0 = Debug|Any CPU
		{DBC84637-B2FF-43A7-8F8B-977D78B92B20}.Release|Any CPU.ActiveCfg = Release|Any CPU
		{DBC84637-B2FF-43A7-8F8B-977D78B92B20}.Release|Any CPU.Build.0 = Release|Any CPU
		{DBC84637-B2FF-43A7-8F8B-977D78B92B20}.Release|Any CPU.Deploy.0 = Release|Any CPU
	EndGlobalSection
	GlobalSection(SolutionProperties) = preSolution
		HideSolutionNode = FALSE
	EndGlobalSection
	GlobalSection(ExtensibilityGlobals) = postSolution
		SolutionGuid = {CD71F86B-07FF-4AEE-B547-516A6D26989D}
	EndGlobalSection
EndGlobal
